
Microsoft Visual Studio Solution File, Format Version 12.00
# Visual Studio Version 16
VisualStudioVersion = 16.0.30011.22
MinimumVisualStudioVersion = 10.0.40219.1
Project("{FAE04EC0-301F-11D3-BF4B-00C04F79EFBC}") = "SunriseSunsetTimePredictor", "SunriseSunsetTimePredictor\SunriseSunsetTimePredictor.csproj", "{DB9A3425-CCB8-43F5-BF6E-7C9A29AB0721}"
EndProject
Global
	GlobalSection(SolutionConfigurationPlatforms) = preSolution
		Debug|Any CPU = Debug|Any CPU
		Release|Any CPU = Release|Any CPU
	EndGlobalSection
	GlobalSection(ProjectConfigurationPlatforms) = postSolution
		{DB9A3425-CCB8-43F5-BF6E-7C9A29AB0721}.Debug|Any CPU.ActiveCfg = Debug|Any CPU
		{DB9A3425-CCB8-43F5-BF6E-7C9A29AB0721}.Debug|Any CPU.Build.0 = Debug|Any CPU
		{DB9A3425-CCB8-43F5-BF6E-7C9A29AB0721}.Release|Any CPU.ActiveCfg = Release|Any CPU
		{DB9A3425-CCB8-43F5-BF6E-7C9A29AB0721}.Release|Any CPU.Build.0 = Release|Any CPU
	EndGlobalSection
	GlobalSection(SolutionProperties) = preSolution
		HideSolutionNode = FALSE
	EndGlobalSection
	GlobalSection(ExtensibilityGlobals) = postSolution
		SolutionGuid = {09693843-B88F-427E-B67C-F5D54960F402}
	EndGlobalSection
EndGlobal
